
Microsoft Visual Studio Solution File, Format Version 12.00
# Visual Studio Version 16
VisualStudioVersion = 16.0.30204.135
MinimumVisualStudioVersion = 10.0.40219.1
Project("{FAE04EC0-301F-11D3-BF4B-00C04F79EFBC}") = "TodoApp", "TodoApp.csproj", "{53A9A8E3-B694-4C55-8137-409D5300120E}"
EndProject
Global
	GlobalSection(SolutionConfigurationPlatforms) = preSolution
		Debug|Any CPU = Debug|Any CPU
		Release|Any CPU = Release|Any CPU
	EndGlobalSection
	GlobalSection(ProjectConfigurationPlatforms) = postSolution
		{53A9A8E3-B694-4C55-8137-409D5300120E}.Debug|Any CPU.ActiveCfg = Debug|Any CPU
		{53A9A8E3-B694-4C55-8137-409D5300120E}.Debug|Any CPU.Build.0 = Debug|Any CPU
		{53A9A8E3-B694-4C55-8137-409D5300120E}.Release|Any CPU.ActiveCfg = Release|Any CPU
		{53A9A8E3-B694-4C55-8137-409D5300120E}.Release|Any CPU.Build.0 = Release|Any CPU
	EndGlobalSection
	GlobalSection(SolutionProperties) = preSolution
		HideSolutionNode = FALSE
	EndGlobalSection
	GlobalSection(ExtensibilityGlobals) = postSolution
		SolutionGuid = {0F177981-305D-47EA-B147-E2E80A0EA5A0}
	EndGlobalSection
EndGlobal
